
Microsoft Visual Studio Solution File, Format Version 12.00
# Visual Studio Version 16
VisualStudioVersion = 16.0.28721.148
MinimumVisualStudioVersion = 10.0.40219.1
Project("{FAE04EC0-301F-11D3-BF4B-00C04F79EFBC}") = "E-Commerce.Web", "E-Commerce.Web\E-Commerce.Web.csproj", "{7346D0EA-D142-4264-9465-DC8F84655D08}"
EndProject
Project("{FAE04EC0-301F-11D3-BF4B-00C04F79EFBC}") = "E-Commerce.Entities", "E-Commerce.Entities\E-Commerce.Entities.csproj", "{BCA38047-626F-47D5-BD7C-52774B31035E}"
EndProject
Project("{FAE04EC0-301F-11D3-BF4B-00C04F79EFBC}") = "E-Commerce.Database", "E-Commerce.Database\E-Commerce.Database.csproj", "{99570766-9065-4B13-AD3B-601CA6C46218}"
EndProject
Project("{FAE04EC0-301F-11D3-BF4B-00C04F79EFBC}") = "E-Commerce.Services", "E-Commerce.Services\E-Commerce.Services.csproj", "{8E766F17-3F96-4A83-9DDF-BE4294E9016C}"
EndProject
Global
	GlobalSection(SolutionConfigurationPlatforms) = preSolution
		Debug|Any CPU = Debug|Any CPU
		Release|Any CPU = Release|Any CPU
	EndGlobalSection
	GlobalSection(ProjectConfigurationPlatforms) = postSolution
		{7346D0EA-D142-4264-9465-DC8F84655D08}.Debug|Any CPU.ActiveCfg = Debug|Any CPU
		{7346D0EA-D142-4264-9465-DC8F84655D08}.Debug|Any CPU.Build.0 = Debug|Any CPU
		{7346D0EA-D142-4264-9465-DC8F84655D08}.Release|Any CPU.ActiveCfg = Release|Any CPU
		{7346D0EA-D142-4264-9465-DC8F84655D08}.Release|Any CPU.Build.0 = Release|Any CPU
		{BCA38047-626F-47D5-BD7C-52774B31035E}.Debug|Any CPU.ActiveCfg = Debug|Any CPU
		{BCA38047-626F-47D5-BD7C-52774B31035E}.Debug|Any CPU.Build.0 = Debug|Any CPU
		{BCA38047-626F-47D5-BD7C-52774B31035E}.Release|Any CPU.ActiveCfg = Release|Any CPU
		{BCA38047-626F-47D5-BD7C-52774B31035E}.Release|Any CPU.Build.0 = Release|Any CPU
		{99570766-9065-4B13-AD3B-601CA6C46218}.Debug|Any CPU.ActiveCfg = Debug|Any CPU
		{99570766-9065-4B13-AD3B-601CA6C46218}.Debug|Any CPU.Build.0 = Debug|Any CPU
		{99570766-9065-4B13-AD3B-601CA6C46218}.Release|Any CPU.ActiveCfg = Release|Any CPU
		{99570766-9065-4B13-AD3B-601CA6C46218}.Release|Any CPU.Build.0 = Release|Any CPU
		{8E766F17-3F96-4A83-9DDF-BE4294E9016C}.Debug|Any CPU.ActiveCfg = Debug|Any CPU
		{8E766F17-3F96-4A83-9DDF-BE4294E9016C}.Debug|Any CPU.Build.0 = Debug|Any CPU
		{8E766F17-3F96-4A83-9DDF-BE4294E9016C}.Release|Any CPU.ActiveCfg = Release|Any CPU
		{8E766F17-3F96-4A83-9DDF-BE4294E9016C}.Release|Any CPU.Build.0 = Release|Any CPU
	EndGlobalSection
	GlobalSection(SolutionProperties) = preSolution
		HideSolutionNode = FALSE
	EndGlobalSection
	GlobalSection(ExtensibilityGlobals) = postSolution
		SolutionGuid = {A1D69448-E87E-4A49-AF3A-85895308E4E8}
	EndGlobalSection
EndGlobal
